
Microsoft Visual Studio Solution File, Format Version 12.00
# Visual Studio Version 17
VisualStudioVersion = 17.8.34330.188
MinimumVisualStudioVersion = 10.0.40219.1
Project("{8BC9CEB8-8B4A-11D0-8D11-00A0C91BC942}") = "runtime", "runtime\runtime.vcxproj", "{BBB78AD6-A316-4E22-B6D8-E1FEACCBB761}"
EndProject
Project("{8BC9CEB8-8B4A-11D0-8D11-00A0C91BC942}") = "editor", "editor\editor.vcxproj", "{D119E441-F559-46F9-8A7B-15B03A857BA2}"
EndProject
Project("{8BC9CEB8-8B4A-11D0-8D11-00A0C91BC942}") = "converter", "converter\converter.vcxproj", "{2034CF77-CB63-4B62-B191-600A450662F9}"
EndProject
Global
	GlobalSection(SolutionConfigurationPlatforms) = preSolution
		Debug|x64 = Debug|x64
		Debug|x86 = Debug|x86
		Release|x64 = Release|x64
		Release|x86 = Release|x86
	EndGlobalSection
	GlobalSection(ProjectConfigurationPlatforms) = postSolution
		{BBB78AD6-A316-4E22-B6D8-E1FEACCBB761}.Debug|x64.ActiveCfg = Debug|x64
		{BBB78AD6-A316-4E22-B6D8-E1FEACCBB761}.Debug|x64.Build.0 = Debug|x64
		{BBB78AD6-A316-4E22-B6D8-E1FEACCBB761}.Debug|x86.ActiveCfg = Debug|Win32
		{BBB78AD6-A316-4E22-B6D8-E1FEACCBB761}.Debug|x86.Build.0 = Debug|Win32
		{BBB78AD6-A316-4E22-B6D8-E1FEACCBB761}.Release|x64.ActiveCfg = Release|x64
		{BBB78AD6-A316-4E22-B6D8-E1FEACCBB761}.Release|x64.Build.0 = Release|x64
		{BBB78AD6-A316-4E22-B6D8-E1FEACCBB761}.Release|x86.ActiveCfg = Release|Win32
		{BBB78AD6-A316-4E22-B6D8-E1FEACCBB761}.Release|x86.Build.0 = Release|Win32
		{D119E441-F559-46F9-8A7B-15B03A857BA2}.Debug|x64.ActiveCfg = Debug|x64
		{D119E441-F559-46F9-8A7B-15B03A857BA2}.Debug|x64.Build.0 = Debug|x64
		{D119E441-F559-46F9-8A7B-15B03A857BA2}.Debug|x86.ActiveCfg = Debug|Win32
		{D119E441-F559-46F9-8A7B-15B03A857BA2}.Debug|x86.Build.0 = Debug|Win32
		{D119E441-F559-46F9-8A7B-15B03A857BA2}.Release|x64.ActiveCfg = Release|x64
		{D119E441-F559-46F9-8A7B-15B03A857BA2}.Release|x64.Build.0 = Release|x64
		{D119E441-F559-46F9-8A7B-15B03A857BA2}.Release|x86.ActiveCfg = Release|Win32
		{D119E441-F559-46F9-8A7B-15B03A857BA2}.Release|x86.Build.0 = Release|Win32
		{2034CF77-CB63-4B62-B191-600A450662F9}.Debug|x64.ActiveCfg = Debug|x64
		{2034CF77-CB63-4B62-B191-600A450662F9}.Debug|x64.Build.0 = Debug|x64
		{2034CF77-CB63-4B62-B191-600A450662F9}.Debug|x86.ActiveCfg = Debug|Win32
		{2034CF77-CB63-4B62-B191-600A450662F9}.Debug|x86.Build.0 = Debug|Win32
		{2034CF77-CB63-4B62-B191-600A450662F9}.Release|x64.ActiveCfg = Release|x64
		{2034CF77-CB63-4B62-B191-600A450662F9}.Release|x64.Build.0 = Release|x64
		{2034CF77-CB63-4B62-B191-600A450662F9}.Release|x86.ActiveCfg = Release|Win32
		{2034CF77-CB63-4B62-B191-600A450662F9}.Release|x86.Build.0 = Release|Win32
	EndGlobalSection
	GlobalSection(SolutionProperties) = preSolution
		HideSolutionNode = FALSE
	EndGlobalSection
	GlobalSection(ExtensibilityGlobals) = postSolution
		SolutionGuid = {68CFB2AB-3FBD-4A53-B30A-196CB1D7F2AD}
	EndGlobalSection
EndGlobal
