<?xml version="1.0" encoding="utf-8"?>
<Project ToolsVersion="4.0" xmlns="http://schemas.microsoft.com/developer/msbuild/2003">
  <ItemGroup>
    <Filter Include="luna">
      <UniqueIdentifier>{B5489A7C-A17F-9B0D-4A6C-81103682170F}</UniqueIdentifier>
    </Filter>
    <Filter Include="luna\src">
      <UniqueIdentifier>{4C59655D-3826-C068-613F-AE104D6BF5F6}</UniqueIdentifier>
    </Filter>
    <Filter Include="src">
      <UniqueIdentifier>{2DAB880B-99B4-887C-2230-9F7C8E38947C}</UniqueIdentifier>
    </Filter>
    <Filter Include="src\trigon">
      <UniqueIdentifier>{0F891E7C-FB40-60C9-6448-3925501FFBB9}</UniqueIdentifier>
    </Filter>
    <Filter Include="src\trigon\core">
      <UniqueIdentifier>{E73A2478-53C6-913C-5CD7-1431C8E1ED3C}</UniqueIdentifier>
    </Filter>
    <Filter Include="src\trigon\core\graphics">
      <UniqueIdentifier>{27D33C8E-13F8-8B0E-3C43-719E28C78A2C}</UniqueIdentifier>
    </Filter>
    <Filter Include="src\trigon\core\math">
      <UniqueIdentifier>{40144098-2CA3-C961-D5C1-DD5CC12FDA07}</UniqueIdentifier>
    </Filter>
    <Filter Include="src\trigon\core\math\trad">
      <UniqueIdentifier>{BAC94A00-268C-7E8A-6F3C-0D17DB3D5768}</UniqueIdentifier>
    </Filter>
    <Filter Include="src\trigon\core\utils">
      <UniqueIdentifier>{A79DDDA0-130A-999B-DCFD-30F94829BB03}</UniqueIdentifier>
    </Filter>
    <Filter Include="src\trigon\core\ven">
      <UniqueIdentifier>{9F1F2114-0B81-FE21-94EE-44D4004F35E1}</UniqueIdentifier>
    </Filter>
    <Filter Include="src\trigon\core\vfs">
      <UniqueIdentifier>{C51F2114-3181-FE21-BAEE-44D4264F35E1}</UniqueIdentifier>
    </Filter>
    <Filter Include="src\trigon\mesh">
      <UniqueIdentifier>{4B8C2978-B717-973C-C028-1A312C33F33C}</UniqueIdentifier>
    </Filter>
    <Filter Include="src\trigon\scripts">
      <UniqueIdentifier>{66A79A09-528B-5B5F-BBEB-55B2A7EE45E1}</UniqueIdentifier>
    </Filter>
    <Filter Include="src\trigon\shaders">
      <UniqueIdentifier>{08E50D14-F4C8-CE69-5D29-C9BC492CB9EB}</UniqueIdentifier>
    </Filter>
    <Filter Include="src\trigon\system">
      <UniqueIdentifier>{63E92638-CFFF-24CE-1877-B0EF84CCF555}</UniqueIdentifier>
    </Filter>
    <Filter Include="src\trigon\types">
      <UniqueIdentifier>{13ACE47D-FFA4-03D0-28D7-E854142FE3DB}</UniqueIdentifier>
    </Filter>
    <Filter Include="ven">
      <UniqueIdentifier>{4EB6880B-BABF-887C-433B-9F7CAF43947C}</UniqueIdentifier>
    </Filter>
    <Filter Include="ven\cglm_src">
      <UniqueIdentifier>{07D5C1FF-F337-51A4-9CBD-895A88FF1C27}</UniqueIdentifier>
    </Filter>
    <Filter Include="ven\cglm_src\clipspace">
      <UniqueIdentifier>{EAF87343-D6F2-9C95-BF5F-33A6ABF80202}</UniqueIdentifier>
    </Filter>
    <Filter Include="ven\cglm_src\swift">
      <UniqueIdentifier>{23C3EBD1-0FA7-AC27-7807-A77A640A97A9}</UniqueIdentifier>
    </Filter>
    <Filter Include="ven\include">
      <UniqueIdentifier>{C14B5604-2D01-CFF9-B6F5-C8D022AAC5FD}</UniqueIdentifier>
    </Filter>
    <Filter Include="ven\include\cglm">
      <UniqueIdentifier>{135ABBE2-FF52-DA34-2885-BFB914DDB940}</UniqueIdentifier>
    </Filter>
    <Filter Include="ven\include\cglm\call">
      <UniqueIdentifier>{1E12C0EF-8A7E-7BEA-5372-1348BF9D9D52}</UniqueIdentifier>
    </Filter>
    <Filter Include="ven\include\cglm\call\clipspace">
      <UniqueIdentifier>{C1BE76DB-2DA2-851B-36A5-B357A2074C6C}</UniqueIdentifier>
    </Filter>
    <Filter Include="ven\include\cglm\clipspace">
      <UniqueIdentifier>{F63C305C-E24C-DC2C-4B06-414B3735CBC5}</UniqueIdentifier>
    </Filter>
    <Filter Include="ven\include\cglm\handed">
      <UniqueIdentifier>{E6E0B7EB-5218-0083-5B22-64A6C7D8267C}</UniqueIdentifier>
    </Filter>
    <Filter Include="ven\include\cglm\simd">
      <UniqueIdentifier>{4FFAC8EF-BB66-84EA-845A-1C48F085A652}</UniqueIdentifier>
    </Filter>
    <Filter Include="ven\include\cglm\simd\avx">
      <UniqueIdentifier>{EDFB6645-59BE-9ACF-A26E-295C0E7073AD}</UniqueIdentifier>
    </Filter>
    <Filter Include="ven\include\cglm\simd\neon">
      <UniqueIdentifier>{6E514DF2-5A61-F9C2-C31A-5EE1AF49E85B}</UniqueIdentifier>
    </Filter>
    <Filter Include="ven\include\cglm\simd\sse2">
      <UniqueIdentifier>{5B4950F2-4759-FCC2-B012-61E19C41EB5B}</UniqueIdentifier>
    </Filter>
    <Filter Include="ven\include\cglm\simd\wasm">
      <UniqueIdentifier>{563052F2-4240-FEC2-ABF9-62E19728ED5B}</UniqueIdentifier>
    </Filter>
    <Filter Include="ven\include\cglm\struct">
      <UniqueIdentifier>{07EBBA06-7322-039E-7C2C-67C1E8E22997}</UniqueIdentifier>
    </Filter>
    <Filter Include="ven\include\cglm\struct\clipspace">
      <UniqueIdentifier>{EA8E400D-56FD-958C-9FE6-508C0B948B28}</UniqueIdentifier>
    </Filter>
    <Filter Include="ven\include\cglm\struct\handed">
      <UniqueIdentifier>{5A5754F1-467D-1E58-2FC3-A3231B884324}</UniqueIdentifier>
    </Filter>
  </ItemGroup>
  <ItemGroup>
    <ClInclude Include="..\luna\src\lauxlib.h">
      <Filter>luna\src</Filter>
    </ClInclude>
    <ClInclude Include="..\luna\src\lua.h">
      <Filter>luna\src</Filter>
    </ClInclude>
    <ClInclude Include="..\luna\src\luajit.h">
      <Filter>luna\src</Filter>
    </ClInclude>
    <ClInclude Include="..\luna\src\lualib.h">
      <Filter>luna\src</Filter>
    </ClInclude>
    <ClInclude Include="src\trigon\app.h">
      <Filter>src\trigon</Filter>
    </ClInclude>
    <ClInclude Include="src\trigon\core\graphics\vkdef.h">
      <Filter>src\trigon\core\graphics</Filter>
    </ClInclude>
    <ClInclude Include="src\trigon\core\graphics\win.h">
      <Filter>src\trigon\core\graphics</Filter>
    </ClInclude>
    <ClInclude Include="src\trigon\core\math\mathr.h">
      <Filter>src\trigon\core\math</Filter>
    </ClInclude>
    <ClInclude Include="src\trigon\core\math\trad\mathtrad.h">
      <Filter>src\trigon\core\math\trad</Filter>
    </ClInclude>
    <ClInclude Include="src\trigon\core\utils\debug.h">
      <Filter>src\trigon\core\utils</Filter>
    </ClInclude>
    <ClInclude Include="src\trigon\core\utils\guid.h">
      <Filter>src\trigon\core\utils</Filter>
    </ClInclude>
    <ClInclude Include="src\trigon\core\utils\sha256.h">
      <Filter>src\trigon\core\utils</Filter>
    </ClInclude>
    <ClInclude Include="src\trigon\core\utils\util.h">
      <Filter>src\trigon\core\utils</Filter>
    </ClInclude>
    <ClInclude Include="src\trigon\core\ven\stb_image.h">
      <Filter>src\trigon\core\ven</Filter>
    </ClInclude>
    <ClInclude Include="src\trigon\core\vfs\vfs.h">
      <Filter>src\trigon\core\vfs</Filter>
    </ClInclude>
    <ClInclude Include="src\trigon\mesh\mesh.h">
      <Filter>src\trigon\mesh</Filter>
    </ClInclude>
    <ClInclude Include="src\trigon\scripts\luna.h">
      <Filter>src\trigon\scripts</Filter>
    </ClInclude>
    <ClInclude Include="src\trigon\shaders\shader.h">
      <Filter>src\trigon\shaders</Filter>
    </ClInclude>
    <ClInclude Include="src\trigon\system\rendr.h">
      <Filter>src\trigon\system</Filter>
    </ClInclude>
    <ClInclude Include="src\trigon\types\sprite.h">
      <Filter>src\trigon\types</Filter>
    </ClInclude>
    <ClInclude Include="src\trigon\types\texture.h">
      <Filter>src\trigon\types</Filter>
    </ClInclude>
    <ClInclude Include="ven\cglm_src\config.h">
      <Filter>ven\cglm_src</Filter>
    </ClInclude>
    <ClInclude Include="ven\include\cglm\aabb2d.h">
      <Filter>ven\include\cglm</Filter>
    </ClInclude>
    <ClInclude Include="ven\include\cglm\affine-mat.h">
      <Filter>ven\include\cglm</Filter>
    </ClInclude>
    <ClInclude Include="ven\include\cglm\affine-post.h">
      <Filter>ven\include\cglm</Filter>
    </ClInclude>
    <ClInclude Include="ven\include\cglm\affine-pre.h">
      <Filter>ven\include\cglm</Filter>
    </ClInclude>
    <ClInclude Include="ven\include\cglm\affine.h">
      <Filter>ven\include\cglm</Filter>
    </ClInclude>
    <ClInclude Include="ven\include\cglm\affine2d.h">
      <Filter>ven\include\cglm</Filter>
    </ClInclude>
    <ClInclude Include="ven\include\cglm\applesimd.h">
      <Filter>ven\include\cglm</Filter>
    </ClInclude>
    <ClInclude Include="ven\include\cglm\bezier.h">
      <Filter>ven\include\cglm</Filter>
    </ClInclude>
    <ClInclude Include="ven\include\cglm\box.h">
      <Filter>ven\include\cglm</Filter>
    </ClInclude>
    <ClInclude Include="ven\include\cglm\call.h">
      <Filter>ven\include\cglm</Filter>
    </ClInclude>
    <ClInclude Include="ven\include\cglm\call\aabb2d.h">
      <Filter>ven\include\cglm\call</Filter>
    </ClInclude>
    <ClInclude Include="ven\include\cglm\call\affine.h">
      <Filter>ven\include\cglm\call</Filter>
    </ClInclude>
    <ClInclude Include="ven\include\cglm\call\affine2d.h">
      <Filter>ven\include\cglm\call</Filter>
    </ClInclude>
    <ClInclude Include="ven\include\cglm\call\bezier.h">
      <Filter>ven\include\cglm\call</Filter>
    </ClInclude>
    <ClInclude Include="ven\include\cglm\call\box.h">
      <Filter>ven\include\cglm\call</Filter>
    </ClInclude>
    <ClInclude Include="ven\include\cglm\call\cam.h">
      <Filter>ven\include\cglm\call</Filter>
    </ClInclude>
    <ClInclude Include="ven\include\cglm\call\clipspace\ortho_lh_no.h">
      <Filter>ven\include\cglm\call\clipspace</Filter>
    </ClInclude>
    <ClInclude Include="ven\include\cglm\call\clipspace\ortho_lh_zo.h">
      <Filter>ven\include\cglm\call\clipspace</Filter>
    </ClInclude>
    <ClInclude Include="ven\include\cglm\call\clipspace\ortho_rh_no.h">
      <Filter>ven\include\cglm\call\clipspace</Filter>
    </ClInclude>
    <ClInclude Include="ven\include\cglm\call\clipspace\ortho_rh_zo.h">
      <Filter>ven\include\cglm\call\clipspace</Filter>
    </ClInclude>
    <ClInclude Include="ven\include\cglm\call\clipspace\persp_lh_no.h">
      <Filter>ven\include\cglm\call\clipspace</Filter>
    </ClInclude>
    <ClInclude Include="ven\include\cglm\call\clipspace\persp_lh_zo.h">
      <Filter>ven\include\cglm\call\clipspace</Filter>
    </ClInclude>
    <ClInclude Include="ven\include\cglm\call\clipspace\persp_rh_no.h">
      <Filter>ven\include\cglm\call\clipspace</Filter>
    </ClInclude>
    <ClInclude Include="ven\include\cglm\call\clipspace\persp_rh_zo.h">
      <Filter>ven\include\cglm\call\clipspace</Filter>
    </ClInclude>
    <ClInclude Include="ven\include\cglm\call\clipspace\project_no.h">
      <Filter>ven\include\cglm\call\clipspace</Filter>
    </ClInclude>
    <ClInclude Include="ven\include\cglm\call\clipspace\project_zo.h">
      <Filter>ven\include\cglm\call\clipspace</Filter>
    </ClInclude>
    <ClInclude Include="ven\include\cglm\call\clipspace\view_lh_no.h">
      <Filter>ven\include\cglm\call\clipspace</Filter>
    </ClInclude>
    <ClInclude Include="ven\include\cglm\call\clipspace\view_lh_zo.h">
      <Filter>ven\include\cglm\call\clipspace</Filter>
    </ClInclude>
    <ClInclude Include="ven\include\cglm\call\clipspace\view_rh_no.h">
      <Filter>ven\include\cglm\call\clipspace</Filter>
    </ClInclude>
    <ClInclude Include="ven\include\cglm\call\clipspace\view_rh_zo.h">
      <Filter>ven\include\cglm\call\clipspace</Filter>
    </ClInclude>
    <ClInclude Include="ven\include\cglm\call\curve.h">
      <Filter>ven\include\cglm\call</Filter>
    </ClInclude>
    <ClInclude Include="ven\include\cglm\call\ease.h">
      <Filter>ven\include\cglm\call</Filter>
    </ClInclude>
    <ClInclude Include="ven\include\cglm\call\euler.h">
      <Filter>ven\include\cglm\call</Filter>
    </ClInclude>
    <ClInclude Include="ven\include\cglm\call\frustum.h">
      <Filter>ven\include\cglm\call</Filter>
    </ClInclude>
    <ClInclude Include="ven\include\cglm\call\io.h">
      <Filter>ven\include\cglm\call</Filter>
    </ClInclude>
    <ClInclude Include="ven\include\cglm\call\ivec2.h">
      <Filter>ven\include\cglm\call</Filter>
    </ClInclude>
    <ClInclude Include="ven\include\cglm\call\ivec3.h">
      <Filter>ven\include\cglm\call</Filter>
    </ClInclude>
    <ClInclude Include="ven\include\cglm\call\ivec4.h">
      <Filter>ven\include\cglm\call</Filter>
    </ClInclude>
    <ClInclude Include="ven\include\cglm\call\mat2.h">
      <Filter>ven\include\cglm\call</Filter>
    </ClInclude>
    <ClInclude Include="ven\include\cglm\call\mat2x3.h">
      <Filter>ven\include\cglm\call</Filter>
    </ClInclude>
    <ClInclude Include="ven\include\cglm\call\mat2x4.h">
      <Filter>ven\include\cglm\call</Filter>
    </ClInclude>
    <ClInclude Include="ven\include\cglm\call\mat3.h">
      <Filter>ven\include\cglm\call</Filter>
    </ClInclude>
    <ClInclude Include="ven\include\cglm\call\mat3x2.h">
      <Filter>ven\include\cglm\call</Filter>
    </ClInclude>
    <ClInclude Include="ven\include\cglm\call\mat3x4.h">
      <Filter>ven\include\cglm\call</Filter>
    </ClInclude>
    <ClInclude Include="ven\include\cglm\call\mat4.h">
      <Filter>ven\include\cglm\call</Filter>
    </ClInclude>
    <ClInclude Include="ven\include\cglm\call\mat4x2.h">
      <Filter>ven\include\cglm\call</Filter>
    </ClInclude>
    <ClInclude Include="ven\include\cglm\call\mat4x3.h">
      <Filter>ven\include\cglm\call</Filter>
    </ClInclude>
    <ClInclude Include="ven\include\cglm\call\plane.h">
      <Filter>ven\include\cglm\call</Filter>
    </ClInclude>
    <ClInclude Include="ven\include\cglm\call\project.h">
      <Filter>ven\include\cglm\call</Filter>
    </ClInclude>
    <ClInclude Include="ven\include\cglm\call\quat.h">
      <Filter>ven\include\cglm\call</Filter>
    </ClInclude>
    <ClInclude Include="ven\include\cglm\call\ray.h">
      <Filter>ven\include\cglm\call</Filter>
    </ClInclude>
    <ClInclude Include="ven\include\cglm\call\sphere.h">
      <Filter>ven\include\cglm\call</Filter>
    </ClInclude>
    <ClInclude Include="ven\include\cglm\call\vec2.h">
      <Filter>ven\include\cglm\call</Filter>
    </ClInclude>
    <ClInclude Include="ven\include\cglm\call\vec3.h">
      <Filter>ven\include\cglm\call</Filter>
    </ClInclude>
    <ClInclude Include="ven\include\cglm\call\vec4.h">
      <Filter>ven\include\cglm\call</Filter>
    </ClInclude>
    <ClInclude Include="ven\include\cglm\cam.h">
      <Filter>ven\include\cglm</Filter>
    </ClInclude>
    <ClInclude Include="ven\include\cglm\cglm.h">
      <Filter>ven\include\cglm</Filter>
    </ClInclude>
    <ClInclude Include="ven\include\cglm\clipspace\ortho_lh_no.h">
      <Filter>ven\include\cglm\clipspace</Filter>
    </ClInclude>
    <ClInclude Include="ven\include\cglm\clipspace\ortho_lh_zo.h">
      <Filter>ven\include\cglm\clipspace</Filter>
    </ClInclude>
    <ClInclude Include="ven\include\cglm\clipspace\ortho_rh_no.h">
      <Filter>ven\include\cglm\clipspace</Filter>
    </ClInclude>
    <ClInclude Include="ven\include\cglm\clipspace\ortho_rh_zo.h">
      <Filter>ven\include\cglm\clipspace</Filter>
    </ClInclude>
    <ClInclude Include="ven\include\cglm\clipspace\persp.h">
      <Filter>ven\include\cglm\clipspace</Filter>
    </ClInclude>
    <ClInclude Include="ven\include\cglm\clipspace\persp_lh_no.h">
      <Filter>ven\include\cglm\clipspace</Filter>
    </ClInclude>
    <ClInclude Include="ven\include\cglm\clipspace\persp_lh_zo.h">
      <Filter>ven\include\cglm\clipspace</Filter>
    </ClInclude>
    <ClInclude Include="ven\include\cglm\clipspace\persp_rh_no.h">
      <Filter>ven\include\cglm\clipspace</Filter>
    </ClInclude>
    <ClInclude Include="ven\include\cglm\clipspace\persp_rh_zo.h">
      <Filter>ven\include\cglm\clipspace</Filter>
    </ClInclude>
    <ClInclude Include="ven\include\cglm\clipspace\project_no.h">
      <Filter>ven\include\cglm\clipspace</Filter>
    </ClInclude>
    <ClInclude Include="ven\include\cglm\clipspace\project_zo.h">
      <Filter>ven\include\cglm\clipspace</Filter>
    </ClInclude>
    <ClInclude Include="ven\include\cglm\clipspace\view_lh.h">
      <Filter>ven\include\cglm\clipspace</Filter>
    </ClInclude>
    <ClInclude Include="ven\include\cglm\clipspace\view_lh_no.h">
      <Filter>ven\include\cglm\clipspace</Filter>
    </ClInclude>
    <ClInclude Include="ven\include\cglm\clipspace\view_lh_zo.h">
      <Filter>ven\include\cglm\clipspace</Filter>
    </ClInclude>
    <ClInclude Include="ven\include\cglm\clipspace\view_rh.h">
      <Filter>ven\include\cglm\clipspace</Filter>
    </ClInclude>
    <ClInclude Include="ven\include\cglm\clipspace\view_rh_no.h">
      <Filter>ven\include\cglm\clipspace</Filter>
    </ClInclude>
    <ClInclude Include="ven\include\cglm\clipspace\view_rh_zo.h">
      <Filter>ven\include\cglm\clipspace</Filter>
    </ClInclude>
    <ClInclude Include="ven\include\cglm\color.h">
      <Filter>ven\include\cglm</Filter>
    </ClInclude>
    <ClInclude Include="ven\include\cglm\common.h">
      <Filter>ven\include\cglm</Filter>
    </ClInclude>
    <ClInclude Include="ven\include\cglm\curve.h">
      <Filter>ven\include\cglm</Filter>
    </ClInclude>
    <ClInclude Include="ven\include\cglm\ease.h">
      <Filter>ven\include\cglm</Filter>
    </ClInclude>
    <ClInclude Include="ven\include\cglm\euler.h">
      <Filter>ven\include\cglm</Filter>
    </ClInclude>
    <ClInclude Include="ven\include\cglm\frustum.h">
      <Filter>ven\include\cglm</Filter>
    </ClInclude>
    <ClInclude Include="ven\include\cglm\handed\euler_to_quat_lh.h">
      <Filter>ven\include\cglm\handed</Filter>
    </ClInclude>
    <ClInclude Include="ven\include\cglm\handed\euler_to_quat_rh.h">
      <Filter>ven\include\cglm\handed</Filter>
    </ClInclude>
    <ClInclude Include="ven\include\cglm\io.h">
      <Filter>ven\include\cglm</Filter>
    </ClInclude>
    <ClInclude Include="ven\include\cglm\ivec2.h">
      <Filter>ven\include\cglm</Filter>
    </ClInclude>
    <ClInclude Include="ven\include\cglm\ivec3.h">
      <Filter>ven\include\cglm</Filter>
    </ClInclude>
    <ClInclude Include="ven\include\cglm\ivec4.h">
      <Filter>ven\include\cglm</Filter>
    </ClInclude>
    <ClInclude Include="ven\include\cglm\mat2.h">
      <Filter>ven\include\cglm</Filter>
    </ClInclude>
    <ClInclude Include="ven\include\cglm\mat2x3.h">
      <Filter>ven\include\cglm</Filter>
    </ClInclude>
    <ClInclude Include="ven\include\cglm\mat2x4.h">
      <Filter>ven\include\cglm</Filter>
    </ClInclude>
    <ClInclude Include="ven\include\cglm\mat3.h">
      <Filter>ven\include\cglm</Filter>
    </ClInclude>
    <ClInclude Include="ven\include\cglm\mat3x2.h">
      <Filter>ven\include\cglm</Filter>
    </ClInclude>
    <ClInclude Include="ven\include\cglm\mat3x4.h">
      <Filter>ven\include\cglm</Filter>
    </ClInclude>
    <ClInclude Include="ven\include\cglm\mat4.h">
      <Filter>ven\include\cglm</Filter>
    </ClInclude>
    <ClInclude Include="ven\include\cglm\mat4x2.h">
      <Filter>ven\include\cglm</Filter>
    </ClInclude>
    <ClInclude Include="ven\include\cglm\mat4x3.h">
      <Filter>ven\include\cglm</Filter>
    </ClInclude>
    <ClInclude Include="ven\include\cglm\plane.h">
      <Filter>ven\include\cglm</Filter>
    </ClInclude>
    <ClInclude Include="ven\include\cglm\project.h">
      <Filter>ven\include\cglm</Filter>
    </ClInclude>
    <ClInclude Include="ven\include\cglm\quat.h">
      <Filter>ven\include\cglm</Filter>
    </ClInclude>
    <ClInclude Include="ven\include\cglm\ray.h">
      <Filter>ven\include\cglm</Filter>
    </ClInclude>
    <ClInclude Include="ven\include\cglm\simd\arm.h">
      <Filter>ven\include\cglm\simd</Filter>
    </ClInclude>
    <ClInclude Include="ven\include\cglm\simd\avx\affine.h">
      <Filter>ven\include\cglm\simd\avx</Filter>
    </ClInclude>
    <ClInclude Include="ven\include\cglm\simd\avx\mat4.h">
      <Filter>ven\include\cglm\simd\avx</Filter>
    </ClInclude>
    <ClInclude Include="ven\include\cglm\simd\intrin.h">
      <Filter>ven\include\cglm\simd</Filter>
    </ClInclude>
    <ClInclude Include="ven\include\cglm\simd\neon\affine.h">
      <Filter>ven\include\cglm\simd\neon</Filter>
    </ClInclude>
    <ClInclude Include="ven\include\cglm\simd\neon\mat2.h">
      <Filter>ven\include\cglm\simd\neon</Filter>
    </ClInclude>
    <ClInclude Include="ven\include\cglm\simd\neon\mat4.h">
      <Filter>ven\include\cglm\simd\neon</Filter>
    </ClInclude>
    <ClInclude Include="ven\include\cglm\simd\neon\quat.h">
      <Filter>ven\include\cglm\simd\neon</Filter>
    </ClInclude>
    <ClInclude Include="ven\include\cglm\simd\sse2\affine.h">
      <Filter>ven\include\cglm\simd\sse2</Filter>
    </ClInclude>
    <ClInclude Include="ven\include\cglm\simd\sse2\mat2.h">
      <Filter>ven\include\cglm\simd\sse2</Filter>
    </ClInclude>
    <ClInclude Include="ven\include\cglm\simd\sse2\mat3.h">
      <Filter>ven\include\cglm\simd\sse2</Filter>
    </ClInclude>
    <ClInclude Include="ven\include\cglm\simd\sse2\mat4.h">
      <Filter>ven\include\cglm\simd\sse2</Filter>
    </ClInclude>
    <ClInclude Include="ven\include\cglm\simd\sse2\quat.h">
      <Filter>ven\include\cglm\simd\sse2</Filter>
    </ClInclude>
    <ClInclude Include="ven\include\cglm\simd\wasm.h">
      <Filter>ven\include\cglm\simd</Filter>
    </ClInclude>
    <ClInclude Include="ven\include\cglm\simd\wasm\affine.h">
      <Filter>ven\include\cglm\simd\wasm</Filter>
    </ClInclude>
    <ClInclude Include="ven\include\cglm\simd\wasm\mat2.h">
      <Filter>ven\include\cglm\simd\wasm</Filter>
    </ClInclude>
    <ClInclude Include="ven\include\cglm\simd\wasm\mat3.h">
      <Filter>ven\include\cglm\simd\wasm</Filter>
    </ClInclude>
    <ClInclude Include="ven\include\cglm\simd\wasm\mat4.h">
      <Filter>ven\include\cglm\simd\wasm</Filter>
    </ClInclude>
    <ClInclude Include="ven\include\cglm\simd\wasm\quat.h">
      <Filter>ven\include\cglm\simd\wasm</Filter>
    </ClInclude>
    <ClInclude Include="ven\include\cglm\simd\x86.h">
      <Filter>ven\include\cglm\simd</Filter>
    </ClInclude>
    <ClInclude Include="ven\include\cglm\sphere.h">
      <Filter>ven\include\cglm</Filter>
    </ClInclude>
    <ClInclude Include="ven\include\cglm\struct.h">
      <Filter>ven\include\cglm</Filter>
    </ClInclude>
    <ClInclude Include="ven\include\cglm\struct\aabb2d.h">
      <Filter>ven\include\cglm\struct</Filter>
    </ClInclude>
    <ClInclude Include="ven\include\cglm\struct\affine-mat.h">
      <Filter>ven\include\cglm\struct</Filter>
    </ClInclude>
    <ClInclude Include="ven\include\cglm\struct\affine-post.h">
      <Filter>ven\include\cglm\struct</Filter>
    </ClInclude>
    <ClInclude Include="ven\include\cglm\struct\affine-pre.h">
      <Filter>ven\include\cglm\struct</Filter>
    </ClInclude>
    <ClInclude Include="ven\include\cglm\struct\affine.h">
      <Filter>ven\include\cglm\struct</Filter>
    </ClInclude>
    <ClInclude Include="ven\include\cglm\struct\affine2d.h">
      <Filter>ven\include\cglm\struct</Filter>
    </ClInclude>
    <ClInclude Include="ven\include\cglm\struct\box.h">
      <Filter>ven\include\cglm\struct</Filter>
    </ClInclude>
    <ClInclude Include="ven\include\cglm\struct\cam.h">
      <Filter>ven\include\cglm\struct</Filter>
    </ClInclude>
    <ClInclude Include="ven\include\cglm\struct\clipspace\ortho_lh_no.h">
      <Filter>ven\include\cglm\struct\clipspace</Filter>
    </ClInclude>
    <ClInclude Include="ven\include\cglm\struct\clipspace\ortho_lh_zo.h">
      <Filter>ven\include\cglm\struct\clipspace</Filter>
    </ClInclude>
    <ClInclude Include="ven\include\cglm\struct\clipspace\ortho_rh_no.h">
      <Filter>ven\include\cglm\struct\clipspace</Filter>
    </ClInclude>
    <ClInclude Include="ven\include\cglm\struct\clipspace\ortho_rh_zo.h">
      <Filter>ven\include\cglm\struct\clipspace</Filter>
    </ClInclude>
    <ClInclude Include="ven\include\cglm\struct\clipspace\persp_lh_no.h">
      <Filter>ven\include\cglm\struct\clipspace</Filter>
    </ClInclude>
    <ClInclude Include="ven\include\cglm\struct\clipspace\persp_lh_zo.h">
      <Filter>ven\include\cglm\struct\clipspace</Filter>
    </ClInclude>
    <ClInclude Include="ven\include\cglm\struct\clipspace\persp_rh_no.h">
      <Filter>ven\include\cglm\struct\clipspace</Filter>
    </ClInclude>
    <ClInclude Include="ven\include\cglm\struct\clipspace\persp_rh_zo.h">
      <Filter>ven\include\cglm\struct\clipspace</Filter>
    </ClInclude>
    <ClInclude Include="ven\include\cglm\struct\clipspace\project_no.h">
      <Filter>ven\include\cglm\struct\clipspace</Filter>
    </ClInclude>
    <ClInclude Include="ven\include\cglm\struct\clipspace\project_zo.h">
      <Filter>ven\include\cglm\struct\clipspace</Filter>
    </ClInclude>
    <ClInclude Include="ven\include\cglm\struct\clipspace\view_lh_no.h">
      <Filter>ven\include\cglm\struct\clipspace</Filter>
    </ClInclude>
    <ClInclude Include="ven\include\cglm\struct\clipspace\view_lh_zo.h">
      <Filter>ven\include\cglm\struct\clipspace</Filter>
    </ClInclude>
    <ClInclude Include="ven\include\cglm\struct\clipspace\view_rh_no.h">
      <Filter>ven\include\cglm\struct\clipspace</Filter>
    </ClInclude>
    <ClInclude Include="ven\include\cglm\struct\clipspace\view_rh_zo.h">
      <Filter>ven\include\cglm\struct\clipspace</Filter>
    </ClInclude>
    <ClInclude Include="ven\include\cglm\struct\color.h">
      <Filter>ven\include\cglm\struct</Filter>
    </ClInclude>
    <ClInclude Include="ven\include\cglm\struct\curve.h">
      <Filter>ven\include\cglm\struct</Filter>
    </ClInclude>
    <ClInclude Include="ven\include\cglm\struct\euler.h">
      <Filter>ven\include\cglm\struct</Filter>
    </ClInclude>
    <ClInclude Include="ven\include\cglm\struct\frustum.h">
      <Filter>ven\include\cglm\struct</Filter>
    </ClInclude>
    <ClInclude Include="ven\include\cglm\struct\handed\euler_to_quat_lh.h">
      <Filter>ven\include\cglm\struct\handed</Filter>
    </ClInclude>
    <ClInclude Include="ven\include\cglm\struct\handed\euler_to_quat_rh.h">
      <Filter>ven\include\cglm\struct\handed</Filter>
    </ClInclude>
    <ClInclude Include="ven\include\cglm\struct\io.h">
      <Filter>ven\include\cglm\struct</Filter>
    </ClInclude>
    <ClInclude Include="ven\include\cglm\struct\ivec2.h">
      <Filter>ven\include\cglm\struct</Filter>
    </ClInclude>
    <ClInclude Include="ven\include\cglm\struct\ivec3.h">
      <Filter>ven\include\cglm\struct</Filter>
    </ClInclude>
    <ClInclude Include="ven\include\cglm\struct\ivec4.h">
      <Filter>ven\include\cglm\struct</Filter>
    </ClInclude>
    <ClInclude Include="ven\include\cglm\struct\mat2.h">
      <Filter>ven\include\cglm\struct</Filter>
    </ClInclude>
    <ClInclude Include="ven\include\cglm\struct\mat2x3.h">
      <Filter>ven\include\cglm\struct</Filter>
    </ClInclude>
    <ClInclude Include="ven\include\cglm\struct\mat2x4.h">
      <Filter>ven\include\cglm\struct</Filter>
    </ClInclude>
    <ClInclude Include="ven\include\cglm\struct\mat3.h">
      <Filter>ven\include\cglm\struct</Filter>
    </ClInclude>
    <ClInclude Include="ven\include\cglm\struct\mat3x2.h">
      <Filter>ven\include\cglm\struct</Filter>
    </ClInclude>
    <ClInclude Include="ven\include\cglm\struct\mat3x4.h">
      <Filter>ven\include\cglm\struct</Filter>
    </ClInclude>
    <ClInclude Include="ven\include\cglm\struct\mat4.h">
      <Filter>ven\include\cglm\struct</Filter>
    </ClInclude>
    <ClInclude Include="ven\include\cglm\struct\mat4x2.h">
      <Filter>ven\include\cglm\struct</Filter>
    </ClInclude>
    <ClInclude Include="ven\include\cglm\struct\mat4x3.h">
      <Filter>ven\include\cglm\struct</Filter>
    </ClInclude>
    <ClInclude Include="ven\include\cglm\struct\plane.h">
      <Filter>ven\include\cglm\struct</Filter>
    </ClInclude>
    <ClInclude Include="ven\include\cglm\struct\project.h">
      <Filter>ven\include\cglm\struct</Filter>
    </ClInclude>
    <ClInclude Include="ven\include\cglm\struct\quat.h">
      <Filter>ven\include\cglm\struct</Filter>
    </ClInclude>
    <ClInclude Include="ven\include\cglm\struct\ray.h">
      <Filter>ven\include\cglm\struct</Filter>
    </ClInclude>
    <ClInclude Include="ven\include\cglm\struct\sphere.h">
      <Filter>ven\include\cglm\struct</Filter>
    </ClInclude>
    <ClInclude Include="ven\include\cglm\struct\vec2-ext.h">
      <Filter>ven\include\cglm\struct</Filter>
    </ClInclude>
    <ClInclude Include="ven\include\cglm\struct\vec2.h">
      <Filter>ven\include\cglm\struct</Filter>
    </ClInclude>
    <ClInclude Include="ven\include\cglm\struct\vec3-ext.h">
      <Filter>ven\include\cglm\struct</Filter>
    </ClInclude>
    <ClInclude Include="ven\include\cglm\struct\vec3.h">
      <Filter>ven\include\cglm\struct</Filter>
    </ClInclude>
    <ClInclude Include="ven\include\cglm\struct\vec4-ext.h">
      <Filter>ven\include\cglm\struct</Filter>
    </ClInclude>
    <ClInclude Include="ven\include\cglm\struct\vec4.h">
      <Filter>ven\include\cglm\struct</Filter>
    </ClInclude>
    <ClInclude Include="ven\include\cglm\types-struct.h">
      <Filter>ven\include\cglm</Filter>
    </ClInclude>
    <ClInclude Include="ven\include\cglm\types.h">
      <Filter>ven\include\cglm</Filter>
    </ClInclude>
    <ClInclude Include="ven\include\cglm\util.h">
      <Filter>ven\include\cglm</Filter>
    </ClInclude>
    <ClInclude Include="ven\include\cglm\vec2-ext.h">
      <Filter>ven\include\cglm</Filter>
    </ClInclude>
    <ClInclude Include="ven\include\cglm\vec2.h">
      <Filter>ven\include\cglm</Filter>
    </ClInclude>
    <ClInclude Include="ven\include\cglm\vec3-ext.h">
      <Filter>ven\include\cglm</Filter>
    </ClInclude>
    <ClInclude Include="ven\include\cglm\vec3.h">
      <Filter>ven\include\cglm</Filter>
    </ClInclude>
    <ClInclude Include="ven\include\cglm\vec4-ext.h">
      <Filter>ven\include\cglm</Filter>
    </ClInclude>
    <ClInclude Include="ven\include\cglm\vec4.h">
      <Filter>ven\include\cglm</Filter>
    </ClInclude>
    <ClInclude Include="ven\include\cglm\version.h">
      <Filter>ven\include\cglm</Filter>
    </ClInclude>
  </ItemGroup>
  <ItemGroup>
    <ClCompile Include="src\trigon\app.c">
      <Filter>src\trigon</Filter>
    </ClCompile>
    <ClCompile Include="src\trigon\core\graphics\vkbuffer.c">
      <Filter>src\trigon\core\graphics</Filter>
    </ClCompile>
    <ClCompile Include="src\trigon\core\graphics\vkdevice.c">
      <Filter>src\trigon\core\graphics</Filter>
    </ClCompile>
    <ClCompile Include="src\trigon\core\graphics\vkimage.c">
      <Filter>src\trigon\core\graphics</Filter>
    </ClCompile>
    <ClCompile Include="src\trigon\core\graphics\vkpipeline_default.c">
      <Filter>src\trigon\core\graphics</Filter>
    </ClCompile>
    <ClCompile Include="src\trigon\core\graphics\vkstate.c">
      <Filter>src\trigon\core\graphics</Filter>
    </ClCompile>
    <ClCompile Include="src\trigon\core\graphics\vkswap.c">
      <Filter>src\trigon\core\graphics</Filter>
    </ClCompile>
    <ClCompile Include="src\trigon\core\graphics\vkutils.c">
      <Filter>src\trigon\core\graphics</Filter>
    </ClCompile>
    <ClCompile Include="src\trigon\core\graphics\win_win32.c">
      <Filter>src\trigon\core\graphics</Filter>
    </ClCompile>
    <ClCompile Include="src\trigon\core\math\mathr.c">
      <Filter>src\trigon\core\math</Filter>
    </ClCompile>
    <ClCompile Include="src\trigon\core\math\trad\mat3_trad.c">
      <Filter>src\trigon\core\math\trad</Filter>
    </ClCompile>
    <ClCompile Include="src\trigon\core\math\trad\mat4_trad.c">
      <Filter>src\trigon\core\math\trad</Filter>
    </ClCompile>
    <ClCompile Include="src\trigon\core\math\trad\vec2_trad.c">
      <Filter>src\trigon\core\math\trad</Filter>
    </ClCompile>
    <ClCompile Include="src\trigon\core\math\trad\vec3_trad.c">
      <Filter>src\trigon\core\math\trad</Filter>
    </ClCompile>
    <ClCompile Include="src\trigon\core\math\trad\vec4_trad.c">
      <Filter>src\trigon\core\math\trad</Filter>
    </ClCompile>
    <ClCompile Include="src\trigon\core\utils\debug.c">
      <Filter>src\trigon\core\utils</Filter>
    </ClCompile>
    <ClCompile Include="src\trigon\core\utils\guid.c">
      <Filter>src\trigon\core\utils</Filter>
    </ClCompile>
    <ClCompile Include="src\trigon\core\utils\sha256.c">
      <Filter>src\trigon\core\utils</Filter>
    </ClCompile>
    <ClCompile Include="src\trigon\core\utils\util.c">
      <Filter>src\trigon\core\utils</Filter>
    </ClCompile>
    <ClCompile Include="src\trigon\core\vfs\vfs.c">
      <Filter>src\trigon\core\vfs</Filter>
    </ClCompile>
    <ClCompile Include="src\trigon\mesh\mesh.c">
      <Filter>src\trigon\mesh</Filter>
    </ClCompile>
    <ClCompile Include="src\trigon\scripts\luna.c">
      <Filter>src\trigon\scripts</Filter>
    </ClCompile>
    <ClCompile Include="src\trigon\shaders\shader.c">
      <Filter>src\trigon\shaders</Filter>
    </ClCompile>
    <ClCompile Include="src\trigon\system\rendr.c">
      <Filter>src\trigon\system</Filter>
    </ClCompile>
    <ClCompile Include="src\trigon\types\sprite.c">
      <Filter>src\trigon\types</Filter>
    </ClCompile>
    <ClCompile Include="src\trigon\types\texture.c">
      <Filter>src\trigon\types</Filter>
    </ClCompile>
    <ClCompile Include="ven\cglm_src\aabb2d.c">
      <Filter>ven\cglm_src</Filter>
    </ClCompile>
    <ClCompile Include="ven\cglm_src\affine.c">
      <Filter>ven\cglm_src</Filter>
    </ClCompile>
    <ClCompile Include="ven\cglm_src\affine2d.c">
      <Filter>ven\cglm_src</Filter>
    </ClCompile>
    <ClCompile Include="ven\cglm_src\bezier.c">
      <Filter>ven\cglm_src</Filter>
    </ClCompile>
    <ClCompile Include="ven\cglm_src\box.c">
      <Filter>ven\cglm_src</Filter>
    </ClCompile>
    <ClCompile Include="ven\cglm_src\cam.c">
      <Filter>ven\cglm_src</Filter>
    </ClCompile>
    <ClCompile Include="ven\cglm_src\clipspace\ortho_lh_no.c">
      <Filter>ven\cglm_src\clipspace</Filter>
    </ClCompile>
    <ClCompile Include="ven\cglm_src\clipspace\ortho_lh_zo.c">
      <Filter>ven\cglm_src\clipspace</Filter>
    </ClCompile>
    <ClCompile Include="ven\cglm_src\clipspace\ortho_rh_no.c">
      <Filter>ven\cglm_src\clipspace</Filter>
    </ClCompile>
    <ClCompile Include="ven\cglm_src\clipspace\ortho_rh_zo.c">
      <Filter>ven\cglm_src\clipspace</Filter>
    </ClCompile>
    <ClCompile Include="ven\cglm_src\clipspace\persp_lh_no.c">
      <Filter>ven\cglm_src\clipspace</Filter>
    </ClCompile>
    <ClCompile Include="ven\cglm_src\clipspace\persp_lh_zo.c">
      <Filter>ven\cglm_src\clipspace</Filter>
    </ClCompile>
    <ClCompile Include="ven\cglm_src\clipspace\persp_rh_no.c">
      <Filter>ven\cglm_src\clipspace</Filter>
    </ClCompile>
    <ClCompile Include="ven\cglm_src\clipspace\persp_rh_zo.c">
      <Filter>ven\cglm_src\clipspace</Filter>
    </ClCompile>
    <ClCompile Include="ven\cglm_src\clipspace\project_no.c">
      <Filter>ven\cglm_src\clipspace</Filter>
    </ClCompile>
    <ClCompile Include="ven\cglm_src\clipspace\project_zo.c">
      <Filter>ven\cglm_src\clipspace</Filter>
    </ClCompile>
    <ClCompile Include="ven\cglm_src\clipspace\view_lh_no.c">
      <Filter>ven\cglm_src\clipspace</Filter>
    </ClCompile>
    <ClCompile Include="ven\cglm_src\clipspace\view_lh_zo.c">
      <Filter>ven\cglm_src\clipspace</Filter>
    </ClCompile>
    <ClCompile Include="ven\cglm_src\clipspace\view_rh_no.c">
      <Filter>ven\cglm_src\clipspace</Filter>
    </ClCompile>
    <ClCompile Include="ven\cglm_src\clipspace\view_rh_zo.c">
      <Filter>ven\cglm_src\clipspace</Filter>
    </ClCompile>
    <ClCompile Include="ven\cglm_src\curve.c">
      <Filter>ven\cglm_src</Filter>
    </ClCompile>
    <ClCompile Include="ven\cglm_src\ease.c">
      <Filter>ven\cglm_src</Filter>
    </ClCompile>
    <ClCompile Include="ven\cglm_src\euler.c">
      <Filter>ven\cglm_src</Filter>
    </ClCompile>
    <ClCompile Include="ven\cglm_src\frustum.c">
      <Filter>ven\cglm_src</Filter>
    </ClCompile>
    <ClCompile Include="ven\cglm_src\io.c">
      <Filter>ven\cglm_src</Filter>
    </ClCompile>
    <ClCompile Include="ven\cglm_src\ivec2.c">
      <Filter>ven\cglm_src</Filter>
    </ClCompile>
    <ClCompile Include="ven\cglm_src\ivec3.c">
      <Filter>ven\cglm_src</Filter>
    </ClCompile>
    <ClCompile Include="ven\cglm_src\ivec4.c">
      <Filter>ven\cglm_src</Filter>
    </ClCompile>
    <ClCompile Include="ven\cglm_src\mat2.c">
      <Filter>ven\cglm_src</Filter>
    </ClCompile>
    <ClCompile Include="ven\cglm_src\mat2x3.c">
      <Filter>ven\cglm_src</Filter>
    </ClCompile>
    <ClCompile Include="ven\cglm_src\mat2x4.c">
      <Filter>ven\cglm_src</Filter>
    </ClCompile>
    <ClCompile Include="ven\cglm_src\mat3.c">
      <Filter>ven\cglm_src</Filter>
    </ClCompile>
    <ClCompile Include="ven\cglm_src\mat3x2.c">
      <Filter>ven\cglm_src</Filter>
    </ClCompile>
    <ClCompile Include="ven\cglm_src\mat3x4.c">
      <Filter>ven\cglm_src</Filter>
    </ClCompile>
    <ClCompile Include="ven\cglm_src\mat4.c">
      <Filter>ven\cglm_src</Filter>
    </ClCompile>
    <ClCompile Include="ven\cglm_src\mat4x2.c">
      <Filter>ven\cglm_src</Filter>
    </ClCompile>
    <ClCompile Include="ven\cglm_src\mat4x3.c">
      <Filter>ven\cglm_src</Filter>
    </ClCompile>
    <ClCompile Include="ven\cglm_src\plane.c">
      <Filter>ven\cglm_src</Filter>
    </ClCompile>
    <ClCompile Include="ven\cglm_src\project.c">
      <Filter>ven\cglm_src</Filter>
    </ClCompile>
    <ClCompile Include="ven\cglm_src\quat.c">
      <Filter>ven\cglm_src</Filter>
    </ClCompile>
    <ClCompile Include="ven\cglm_src\ray.c">
      <Filter>ven\cglm_src</Filter>
    </ClCompile>
    <ClCompile Include="ven\cglm_src\sphere.c">
      <Filter>ven\cglm_src</Filter>
    </ClCompile>
    <ClCompile Include="ven\cglm_src\swift\empty.c">
      <Filter>ven\cglm_src\swift</Filter>
    </ClCompile>
    <ClCompile Include="ven\cglm_src\vec2.c">
      <Filter>ven\cglm_src</Filter>
    </ClCompile>
    <ClCompile Include="ven\cglm_src\vec3.c">
      <Filter>ven\cglm_src</Filter>
    </ClCompile>
    <ClCompile Include="ven\cglm_src\vec4.c">
      <Filter>ven\cglm_src</Filter>
    </ClCompile>
  </ItemGroup>
</Project>