<?xml version="1.0" encoding="utf-8"?>
<Project ToolsVersion="4.0" xmlns="http://schemas.microsoft.com/developer/msbuild/2003">
  <ItemGroup>
    <Filter Include="core">
      <UniqueIdentifier>{4E40957C-3A77-960D-E363-7C10CF79120F}</UniqueIdentifier>
    </Filter>
    <Filter Include="core\graphics">
      <UniqueIdentifier>{6EDCE3F6-DA9C-5F2D-A3D7-A8AA0F57A409}</UniqueIdentifier>
    </Filter>
    <Filter Include="core\utils">
      <UniqueIdentifier>{4ED4EC51-3A8C-2E9F-A393-07FB8F6AC98F}</UniqueIdentifier>
    </Filter>
    <Filter Include="core\vfs">
      <UniqueIdentifier>{AC80D44A-984D-2F56-C166-1DFEAD9264E4}</UniqueIdentifier>
    </Filter>
    <Filter Include="shaders">
      <UniqueIdentifier>{0F45D591-7B24-542D-843C-DF03F09ABA8E}</UniqueIdentifier>
    </Filter>
    <Filter Include="system">
      <UniqueIdentifier>{8AE4EE1C-7686-19F3-5F41-2D474B82A043}</UniqueIdentifier>
    </Filter>
    <Filter Include="types">
      <UniqueIdentifier>{5A5E7610-C672-9EC1-8FF4-4121FBC79AF2}</UniqueIdentifier>
    </Filter>
  </ItemGroup>
  <ItemGroup>
    <ClInclude Include="src\trigon\app.h" />
    <ClInclude Include="src\trigon\core\graphics\vkdef.h">
      <Filter>core\graphics</Filter>
    </ClInclude>
    <ClInclude Include="src\trigon\core\graphics\win.h">
      <Filter>core\graphics</Filter>
    </ClInclude>
    <ClInclude Include="src\trigon\core\utils\debug.h">
      <Filter>core\utils</Filter>
    </ClInclude>
    <ClInclude Include="src\trigon\core\utils\guid.h">
      <Filter>core\utils</Filter>
    </ClInclude>
    <ClInclude Include="src\trigon\core\utils\sha256.h">
      <Filter>core\utils</Filter>
    </ClInclude>
    <ClInclude Include="src\trigon\core\utils\util.h">
      <Filter>core\utils</Filter>
    </ClInclude>
    <ClInclude Include="src\trigon\core\vfs\vfs.h">
      <Filter>core\vfs</Filter>
    </ClInclude>
    <ClInclude Include="src\trigon\shaders\shader.h">
      <Filter>shaders</Filter>
    </ClInclude>
    <ClInclude Include="src\trigon\system\rendr.h">
      <Filter>system</Filter>
    </ClInclude>
    <ClInclude Include="src\trigon\types\sprite.h">
      <Filter>types</Filter>
    </ClInclude>
    <ClInclude Include="src\trigon\mesh\mesh.h" />
    <ClInclude Include="src\trigon\core\math\tgmath.h" />
    <ClInclude Include="src\trigon\core\math\avxmath.h" />
    <ClInclude Include="src\trigon\core\math\mathr.h" />
    <ClInclude Include="src\trigon\core\math\trad\mathtrad.h" />
  </ItemGroup>
  <ItemGroup>
    <ClCompile Include="src\trigon\app.c" />
    <ClCompile Include="src\trigon\core\graphics\vkdevice.c">
      <Filter>core\graphics</Filter>
    </ClCompile>
    <ClCompile Include="src\trigon\core\graphics\vkstate.c">
      <Filter>core\graphics</Filter>
    </ClCompile>
    <ClCompile Include="src\trigon\core\graphics\vkswap.c">
      <Filter>core\graphics</Filter>
    </ClCompile>
    <ClCompile Include="src\trigon\core\graphics\win_win32.c">
      <Filter>core\graphics</Filter>
    </ClCompile>
    <ClCompile Include="src\trigon\core\utils\debug.c">
      <Filter>core\utils</Filter>
    </ClCompile>
    <ClCompile Include="src\trigon\core\utils\guid.c">
      <Filter>core\utils</Filter>
    </ClCompile>
    <ClCompile Include="src\trigon\core\utils\sha256.c">
      <Filter>core\utils</Filter>
    </ClCompile>
    <ClCompile Include="src\trigon\core\utils\util.c">
      <Filter>core\utils</Filter>
    </ClCompile>
    <ClCompile Include="src\trigon\core\vfs\vfs_unix.c">
      <Filter>core\vfs</Filter>
    </ClCompile>
    <ClCompile Include="src\trigon\core\vfs\vfs_win32.c">
      <Filter>core\vfs</Filter>
    </ClCompile>
    <ClCompile Include="src\trigon\shaders\shader.c">
      <Filter>shaders</Filter>
    </ClCompile>
    <ClCompile Include="src\trigon\system\rendr.c">
      <Filter>system</Filter>
    </ClCompile>
    <ClCompile Include="src\trigon\types\sprite.c">
      <Filter>types</Filter>
    </ClCompile>
    <ClCompile Include="src\trigon\core\graphics\vkpipeline_default.c" />
    <ClCompile Include="src\trigon\mesh\mesh.c" />
    <ClCompile Include="src\trigon\core\math\tgmath.c" />
    <ClCompile Include="src\trigon\core\math\mat4_avx.c" />
    <ClCompile Include="src\trigon\core\math\mat4_sse.c" />
    <ClCompile Include="src\trigon\core\math\vec3_avx.c" />
    <ClCompile Include="src\trigon\core\math\vec2_avx.c" />
    <ClCompile Include="src\trigon\core\math\vec4_avx.c" />
    <ClCompile Include="src\trigon\core\math\vec2_sse.c" />
    <ClCompile Include="src\trigon\core\math\vec3_sse.c" />
    <ClCompile Include="src\trigon\core\math\vec4_sse.c" />
    <ClCompile Include="src\trigon\core\math\trad\vec4_trad.c" />
    <ClCompile Include="src\trigon\core\math\mathr.c" />
    <ClCompile Include="src\trigon\core\math\trad\vec3_trad.c" />
    <ClCompile Include="src\trigon\core\math\trad\vec2_trad.c" />
  </ItemGroup>
</Project>