<?xml version="1.0" encoding="utf-8"?>
<Project ToolsVersion="4.0" xmlns="http://schemas.microsoft.com/developer/msbuild/2003">
  <ItemGroup>
    <ClCompile Include="Source.cpp" />
    <ClCompile Include="include\core\Renderer.cpp" />
    <ClCompile Include="include\core\WindowManager.cpp" />
    <ClCompile Include="include\core\vk\vkSettings.cpp" />
    <ClCompile Include="include\core\math\Matrix4.cpp" />
    <ClCompile Include="include\core\math\Vector3.cpp" />
    <ClCompile Include="include\core\math\Vector2.cpp" />
  </ItemGroup>
  <ItemGroup>
    <ClInclude Include="include\core\Renderer.h" />
    <ClInclude Include="include\core\vk\Backend.h" />
    <ClInclude Include="include\core\Debug.h" />
    <ClInclude Include="include\core\TriCore.h" />
    <ClInclude Include="include\core\WindowManager.h" />
    <ClInclude Include="include\core\vk\vkSettings.h" />
    <ClInclude Include="include\core\math\Matrix4.h" />
    <ClInclude Include="include\core\math\Vector3.h" />
    <ClInclude Include="include\core\math\Vector2.h" />
  </ItemGroup>
</Project>