<?xml version="1.0" encoding="utf-8"?>
<Project ToolsVersion="4.0" xmlns="http://schemas.microsoft.com/developer/msbuild/2003">
  <ItemGroup>
    <ClCompile Include="Source.cpp" />
    <ClCompile Include="include\core\math\Matrix4.cpp" />
    <ClCompile Include="include\core\math\Vector3.cpp" />
    <ClCompile Include="include\core\math\Vector2.cpp" />
    <ClCompile Include="dependencies\glad\src\gl.c" />
    <ClCompile Include="include\application\Application.cpp" />
    <ClCompile Include="include\application\Entry.cpp" />
    <ClCompile Include="include\core\system\WindowManager.cpp" />
    <ClCompile Include="include\core\system\Input.cpp" />
    <ClCompile Include="include\core\system\Renderer.cpp" />
    <ClCompile Include="include\core\system\RendererGL.cpp" />
    <ClCompile Include="include\core\system\Time.cpp" />
    <ClCompile Include="include\core\types\Material.cpp" />
    <ClCompile Include="include\core\types\Mesh.cpp" />
    <ClCompile Include="include\core\types\Model.cpp" />
    <ClCompile Include="include\core\types\Shader.cpp" />
    <ClCompile Include="include\core\types\Texture2D.cpp" />
    <ClCompile Include="include\engine\components\CameraComponent.cpp" />
    <ClCompile Include="include\engine\components\Component.cpp" />
    <ClCompile Include="include\engine\components\DirectionLightComponent.cpp" />
    <ClCompile Include="include\engine\components\ModelComponent.cpp" />
    <ClCompile Include="include\engine\components\TransformComponent.cpp" />
    <ClCompile Include="include\engine\entities\Entity.cpp" />
    <ClCompile Include="include\engine\managers\TextureManager.cpp" />
    <ClCompile Include="include\engine\managers\ModelManager.cpp" />
    <ClCompile Include="include\engine\materials\DefaultMaterial.cpp" />
    <ClCompile Include="include\engine\scenes\Scene.cpp" />
    <ClCompile Include="dependencies\OpenFBX\miniz.c" />
    <ClCompile Include="dependencies\OpenFBX\ofbx.cpp" />
    <ClCompile Include="include\editor\backend\imgui.cpp" />
    <ClCompile Include="include\editor\backend\imgui_demo.cpp" />
    <ClCompile Include="include\editor\backend\imgui_draw.cpp" />
    <ClCompile Include="include\editor\backend\imgui_impl_glfw.cpp" />
    <ClCompile Include="include\editor\backend\imgui_impl_opengl3.cpp" />
    <ClCompile Include="include\editor\backend\imgui_tables.cpp" />
    <ClCompile Include="include\editor\backend\imgui_widgets.cpp" />
    <ClCompile Include="include\editor\Editor.cpp" />
    <ClCompile Include="include\editor\windows\WindowHierarchy.cpp" />
    <ClCompile Include="include\editor\windows\Window.cpp" />
    <ClCompile Include="include\editor\windows\WindowInspector.cpp" />
  </ItemGroup>
  <ItemGroup>
    <ClInclude Include="include\core\math\Matrix4.h" />
    <ClInclude Include="include\core\math\Vector3.h" />
    <ClInclude Include="include\core\math\Vector2.h" />
    <ClInclude Include="dependencies\glad\include\glad\gl.h" />
    <ClInclude Include="dependencies\glad\include\KHR\khrplatform.h" />
    <ClInclude Include="include\application\Application.h" />
    <ClInclude Include="include\core\system\WindowManager.h" />
    <ClInclude Include="include\core\system\Time.h" />
    <ClInclude Include="include\core\system\Renderer.h" />
    <ClInclude Include="include\core\system\RendererGL.h" />
    <ClInclude Include="include\core\system\Input.h" />
    <ClInclude Include="include\core\system\Debug.h" />
    <ClInclude Include="include\core\TriCore.h" />
    <ClInclude Include="include\core\types\Material.h" />
    <ClInclude Include="include\core\types\Mesh.h" />
    <ClInclude Include="include\core\types\Model.h" />
    <ClInclude Include="include\core\types\Shader.h" />
    <ClInclude Include="include\core\types\Texture2D.h" />
    <ClInclude Include="include\core\types\TriTypes.h" />
    <ClInclude Include="include\engine\components\CameraComponent.h" />
    <ClInclude Include="include\engine\components\Component.h" />
    <ClInclude Include="include\engine\components\DirectionLightComponent.h" />
    <ClInclude Include="include\engine\components\ModelComponent.h" />
    <ClInclude Include="include\engine\components\TransformComponent.h" />
    <ClInclude Include="include\engine\entities\Entity.h" />
    <ClInclude Include="include\engine\managers\ModelManager.h" />
    <ClInclude Include="include\engine\managers\TextureManager.h" />
    <ClInclude Include="include\engine\materials\DefaultMaterial.h" />
    <ClInclude Include="dependencies\singleFiles\stb_image.h" />
    <ClInclude Include="dependencies\OpenFBX\miniz.h" />
    <ClInclude Include="dependencies\OpenFBX\ofbx.h" />
    <ClInclude Include="include\engine\scenes\Scene.h" />
    <ClInclude Include="include\editor\backend\imconfig.h" />
    <ClInclude Include="include\editor\backend\imgui.h" />
    <ClInclude Include="include\editor\backend\imgui_impl_glfw.h" />
    <ClInclude Include="include\editor\backend\imgui_impl_opengl3.h" />
    <ClInclude Include="include\editor\backend\imgui_internal.h" />
    <ClInclude Include="include\editor\backend\imgui_single_file.h" />
    <ClInclude Include="include\editor\backend\imstb_rectpack.h" />
    <ClInclude Include="include\editor\backend\imstb_textedit.h" />
    <ClInclude Include="include\editor\backend\imstb_truetype.h" />
    <ClInclude Include="include\editor\Editor.h" />
    <ClInclude Include="include\editor\windows\WindowHierarchy.h" />
    <ClInclude Include="include\editor\windows\Window.h" />
    <ClInclude Include="include\editor\windows\WindowInspector.h" />
  </ItemGroup>
</Project>