<?xml version="1.0" encoding="utf-8"?>
<Project ToolsVersion="4.0" xmlns="http://schemas.microsoft.com/developer/msbuild/2003">
  <ItemGroup>
    <ClCompile Include="src\gui\gui.c" />
    <ClCompile Include="src\trigon.c" />
    <ClCompile Include="src\core\core.c" />
    <ClCompile Include="src\core\signal.c" />
    <ClCompile Include="src\types\mesh.c" />
    <ClCompile Include="src\types\primitives.c" />
    <ClCompile Include="src\shaders\shader_global.c" />
    <ClCompile Include="src\trigon\ecs\entity.c" />
    <ClCompile Include="src\trigon\ecs\scene.c" />
    <ClCompile Include="src\core\input.c" />
    <ClCompile Include="src\trigon\cam\free_camera.c" />
    <ClCompile Include="src\trigon\cam\camera.c" />
    <ClCompile Include="src\managers\meshman.c" />
    <ClCompile Include="src\managers\managers.c" />
    <ClCompile Include="src\managers\shadman.c" />
  </ItemGroup>
  <ItemGroup>
    <ClInclude Include="src\gui\gui.h" />
    <ClInclude Include="src\trigon.h" />
    <ClInclude Include="src\core\core.h" />
    <ClInclude Include="src\core\signal.h" />
    <ClInclude Include="src\types\mesh.h" />
    <ClInclude Include="src\shaders\shader_global.h" />
    <ClInclude Include="src\trigon\ecs\entitiy.h" />
    <ClInclude Include="src\trigon\ecs\scene.h" />
    <ClInclude Include="src\core\input.h" />
    <ClInclude Include="src\trigon\cam\camera.h" />
    <ClInclude Include="src\managers\meshman.h" />
    <ClInclude Include="src\managers\managers.h" />
    <ClInclude Include="src\managers\shadman.h" />
  </ItemGroup>
</Project>